
Microsoft Visual Studio Solution File, Format Version 12.00
# Visual Studio Version 16
VisualStudioVersion = 16.0.31005.135
MinimumVisualStudioVersion = 10.0.40219.1
Project("{FAE04EC0-301F-11D3-BF4B-00C04F79EFBC}") = "Lab_9_CS", "Lab_9_CS\Lab_9_CS.csproj", "{5CAB03B3-650F-40FA-8679-924DDB0A5B45}"
EndProject
Project("{FAE04EC0-301F-11D3-BF4B-00C04F79EFBC}") = "Arithmetic", "Arithmetics\Arithmetic.csproj", "{1F0A68E5-2077-423B-9655-3348D56583CF}"
EndProject
Project("{FAE04EC0-301F-11D3-BF4B-00C04F79EFBC}") = "Symbols", "Symbols\Symbols.csproj", "{92B9C09A-611E-49D6-88AB-8C158A0F6B0D}"
EndProject
Project("{8BC9CEB8-8B4A-11D0-8D11-00A0C91BC942}") = "Lab_9_CPP", "Lab_9_CPP\Lab_9_CPP.vcxproj", "{0C466770-C2A2-4FA9-B331-F7BFDB3B50E2}"
EndProject
Global
	GlobalSection(SolutionConfigurationPlatforms) = preSolution
		Debug|Any CPU = Debug|Any CPU
		Debug|x64 = Debug|x64
		Debug|x86 = Debug|x86
		Release|Any CPU = Release|Any CPU
		Release|x64 = Release|x64
		Release|x86 = Release|x86
	EndGlobalSection
	GlobalSection(ProjectConfigurationPlatforms) = postSolution
		{5CAB03B3-650F-40FA-8679-924DDB0A5B45}.Debug|Any CPU.ActiveCfg = Debug|Any CPU
		{5CAB03B3-650F-40FA-8679-924DDB0A5B45}.Debug|Any CPU.Build.0 = Debug|Any CPU
		{5CAB03B3-650F-40FA-8679-924DDB0A5B45}.Debug|x64.ActiveCfg = Debug|Any CPU
		{5CAB03B3-650F-40FA-8679-924DDB0A5B45}.Debug|x64.Build.0 = Debug|Any CPU
		{5CAB03B3-650F-40FA-8679-924DDB0A5B45}.Debug|x86.ActiveCfg = Debug|Any CPU
		{5CAB03B3-650F-40FA-8679-924DDB0A5B45}.Debug|x86.Build.0 = Debug|Any CPU
		{5CAB03B3-650F-40FA-8679-924DDB0A5B45}.Release|Any CPU.ActiveCfg = Release|Any CPU
		{5CAB03B3-650F-40FA-8679-924DDB0A5B45}.Release|Any CPU.Build.0 = Release|Any CPU
		{5CAB03B3-650F-40FA-8679-924DDB0A5B45}.Release|x64.ActiveCfg = Release|Any CPU
		{5CAB03B3-650F-40FA-8679-924DDB0A5B45}.Release|x64.Build.0 = Release|Any CPU
		{5CAB03B3-650F-40FA-8679-924DDB0A5B45}.Release|x86.ActiveCfg = Release|Any CPU
		{5CAB03B3-650F-40FA-8679-924DDB0A5B45}.Release|x86.Build.0 = Release|Any CPU
		{1F0A68E5-2077-423B-9655-3348D56583CF}.Debug|Any CPU.ActiveCfg = Debug|Any CPU
		{1F0A68E5-2077-423B-9655-3348D56583CF}.Debug|Any CPU.Build.0 = Debug|Any CPU
		{1F0A68E5-2077-423B-9655-3348D56583CF}.Debug|x64.ActiveCfg = Debug|Any CPU
		{1F0A68E5-2077-423B-9655-3348D56583CF}.Debug|x64.Build.0 = Debug|Any CPU
		{1F0A68E5-2077-423B-9655-3348D56583CF}.Debug|x86.ActiveCfg = Debug|Any CPU
		{1F0A68E5-2077-423B-9655-3348D56583CF}.Debug|x86.Build.0 = Debug|Any CPU
		{1F0A68E5-2077-423B-9655-3348D56583CF}.Release|Any CPU.ActiveCfg = Release|Any CPU
		{1F0A68E5-2077-423B-9655-3348D56583CF}.Release|Any CPU.Build.0 = Release|Any CPU
		{1F0A68E5-2077-423B-9655-3348D56583CF}.Release|x64.ActiveCfg = Release|Any CPU
		{1F0A68E5-2077-423B-9655-3348D56583CF}.Release|x64.Build.0 = Release|Any CPU
		{1F0A68E5-2077-423B-9655-3348D56583CF}.Release|x86.ActiveCfg = Release|Any CPU
		{1F0A68E5-2077-423B-9655-3348D56583CF}.Release|x86.Build.0 = Release|Any CPU
		{92B9C09A-611E-49D6-88AB-8C158A0F6B0D}.Debug|Any CPU.ActiveCfg = Debug|Any CPU
		{92B9C09A-611E-49D6-88AB-8C158A0F6B0D}.Debug|Any CPU.Build.0 = Debug|Any CPU
		{92B9C09A-611E-49D6-88AB-8C158A0F6B0D}.Debug|x64.ActiveCfg = Debug|Any CPU
		{92B9C09A-611E-49D6-88AB-8C158A0F6B0D}.Debug|x64.Build.0 = Debug|Any CPU
		{92B9C09A-611E-49D6-88AB-8C158A0F6B0D}.Debug|x86.ActiveCfg = Debug|Any CPU
		{92B9C09A-611E-49D6-88AB-8C158A0F6B0D}.Debug|x86.Build.0 = Debug|Any CPU
		{92B9C09A-611E-49D6-88AB-8C158A0F6B0D}.Release|Any CPU.ActiveCfg = Release|Any CPU
		{92B9C09A-611E-49D6-88AB-8C158A0F6B0D}.Release|Any CPU.Build.0 = Release|Any CPU
		{92B9C09A-611E-49D6-88AB-8C158A0F6B0D}.Release|x64.ActiveCfg = Release|Any CPU
		{92B9C09A-611E-49D6-88AB-8C158A0F6B0D}.Release|x64.Build.0 = Release|Any CPU
		{92B9C09A-611E-49D6-88AB-8C158A0F6B0D}.Release|x86.ActiveCfg = Release|Any CPU
		{92B9C09A-611E-49D6-88AB-8C158A0F6B0D}.Release|x86.Build.0 = Release|Any CPU
		{0C466770-C2A2-4FA9-B331-F7BFDB3B50E2}.Debug|Any CPU.ActiveCfg = Debug|Win32
		{0C466770-C2A2-4FA9-B331-F7BFDB3B50E2}.Debug|Any CPU.Build.0 = Debug|Win32
		{0C466770-C2A2-4FA9-B331-F7BFDB3B50E2}.Debug|x64.ActiveCfg = Debug|x64
		{0C466770-C2A2-4FA9-B331-F7BFDB3B50E2}.Debug|x64.Build.0 = Debug|x64
		{0C466770-C2A2-4FA9-B331-F7BFDB3B50E2}.Debug|x86.ActiveCfg = Debug|Win32
		{0C466770-C2A2-4FA9-B331-F7BFDB3B50E2}.Debug|x86.Build.0 = Debug|Win32
		{0C466770-C2A2-4FA9-B331-F7BFDB3B50E2}.Release|Any CPU.ActiveCfg = Release|Win32
		{0C466770-C2A2-4FA9-B331-F7BFDB3B50E2}.Release|x64.ActiveCfg = Release|x64
		{0C466770-C2A2-4FA9-B331-F7BFDB3B50E2}.Release|x64.Build.0 = Release|x64
		{0C466770-C2A2-4FA9-B331-F7BFDB3B50E2}.Release|x86.ActiveCfg = Release|Win32
		{0C466770-C2A2-4FA9-B331-F7BFDB3B50E2}.Release|x86.Build.0 = Release|Win32
	EndGlobalSection
	GlobalSection(SolutionProperties) = preSolution
		HideSolutionNode = FALSE
	EndGlobalSection
	GlobalSection(ExtensibilityGlobals) = postSolution
		SolutionGuid = {3E9C5A82-786E-44CD-A6CA-7EA374D20995}
	EndGlobalSection
EndGlobal
