
Microsoft Visual Studio Solution File, Format Version 12.00
# Visual Studio Version 16
VisualStudioVersion = 16.0.30517.126
MinimumVisualStudioVersion = 10.0.40219.1
Project("{8BC9CEB8-8B4A-11D0-8D11-00A0C91BC942}") = "Lab 6", "Lab 6\Lab 6.vcxproj", "{1DC13F1B-CE79-4F7F-8339-047779F754D1}"
EndProject
Global
	GlobalSection(SolutionConfigurationPlatforms) = preSolution
		Debug|x64 = Debug|x64
		Debug|x86 = Debug|x86
		Release|x64 = Release|x64
		Release|x86 = Release|x86
	EndGlobalSection
	GlobalSection(ProjectConfigurationPlatforms) = postSolution
		{1DC13F1B-CE79-4F7F-8339-047779F754D1}.Debug|x64.ActiveCfg = Debug|x64
		{1DC13F1B-CE79-4F7F-8339-047779F754D1}.Debug|x64.Build.0 = Debug|x64
		{1DC13F1B-CE79-4F7F-8339-047779F754D1}.Debug|x86.ActiveCfg = Debug|Win32
		{1DC13F1B-CE79-4F7F-8339-047779F754D1}.Debug|x86.Build.0 = Debug|Win32
		{1DC13F1B-CE79-4F7F-8339-047779F754D1}.Release|x64.ActiveCfg = Release|x64
		{1DC13F1B-CE79-4F7F-8339-047779F754D1}.Release|x64.Build.0 = Release|x64
		{1DC13F1B-CE79-4F7F-8339-047779F754D1}.Release|x86.ActiveCfg = Release|Win32
		{1DC13F1B-CE79-4F7F-8339-047779F754D1}.Release|x86.Build.0 = Release|Win32
	EndGlobalSection
	GlobalSection(SolutionProperties) = preSolution
		HideSolutionNode = FALSE
	EndGlobalSection
	GlobalSection(ExtensibilityGlobals) = postSolution
		SolutionGuid = {D98886B2-E7A2-420B-B31C-7C4576DCA3D2}
	EndGlobalSection
EndGlobal
