
Microsoft Visual Studio Solution File, Format Version 12.00
# Visual Studio Version 17
VisualStudioVersion = 17.0.32112.339
MinimumVisualStudioVersion = 10.0.40219.1
Project("{888888A0-9F3D-457C-B088-3A5042F75D52}") = "lab_2_global_extrema", "lab_2_global_extrema.pyproj", "{11EC7B45-3E4E-4FED-9233-400778C7E011}"
EndProject
Global
	GlobalSection(SolutionConfigurationPlatforms) = preSolution
		Debug|Any CPU = Debug|Any CPU
		Release|Any CPU = Release|Any CPU
	EndGlobalSection
	GlobalSection(ProjectConfigurationPlatforms) = postSolution
		{11EC7B45-3E4E-4FED-9233-400778C7E011}.Debug|Any CPU.ActiveCfg = Debug|Any CPU
		{11EC7B45-3E4E-4FED-9233-400778C7E011}.Release|Any CPU.ActiveCfg = Release|Any CPU
	EndGlobalSection
	GlobalSection(SolutionProperties) = preSolution
		HideSolutionNode = FALSE
	EndGlobalSection
	GlobalSection(ExtensibilityGlobals) = postSolution
		SolutionGuid = {D35DE858-894D-424F-A9D0-812AFA6679B9}
	EndGlobalSection
EndGlobal
