
Microsoft Visual Studio Solution File, Format Version 12.00
# Visual Studio Version 16
VisualStudioVersion = 16.0.30517.126
MinimumVisualStudioVersion = 10.0.40219.1
Project("{8BC9CEB8-8B4A-11D0-8D11-00A0C91BC942}") = "Lab 1 - C++", "Lab 1 - C++\Lab 1 - C++.vcxproj", "{C8C0C670-BB74-4AF5-902F-7E7C5FEDECEC}"
EndProject
Project("{FAE04EC0-301F-11D3-BF4B-00C04F79EFBC}") = "Lab 1 - C_Sharp", "Lab 1 - C_Sharp\Lab 1 - C_Sharp.csproj", "{E59EB2CE-5C4E-4B16-A47A-922CEC4C8777}"
EndProject
Global
	GlobalSection(SolutionConfigurationPlatforms) = preSolution
		Debug|Any CPU = Debug|Any CPU
		Debug|x64 = Debug|x64
		Debug|x86 = Debug|x86
		Release|Any CPU = Release|Any CPU
		Release|x64 = Release|x64
		Release|x86 = Release|x86
	EndGlobalSection
	GlobalSection(ProjectConfigurationPlatforms) = postSolution
		{C8C0C670-BB74-4AF5-902F-7E7C5FEDECEC}.Debug|Any CPU.ActiveCfg = Debug|Win32
		{C8C0C670-BB74-4AF5-902F-7E7C5FEDECEC}.Debug|x64.ActiveCfg = Debug|x64
		{C8C0C670-BB74-4AF5-902F-7E7C5FEDECEC}.Debug|x64.Build.0 = Debug|x64
		{C8C0C670-BB74-4AF5-902F-7E7C5FEDECEC}.Debug|x86.ActiveCfg = Debug|Win32
		{C8C0C670-BB74-4AF5-902F-7E7C5FEDECEC}.Debug|x86.Build.0 = Debug|Win32
		{C8C0C670-BB74-4AF5-902F-7E7C5FEDECEC}.Release|Any CPU.ActiveCfg = Release|Win32
		{C8C0C670-BB74-4AF5-902F-7E7C5FEDECEC}.Release|x64.ActiveCfg = Release|x64
		{C8C0C670-BB74-4AF5-902F-7E7C5FEDECEC}.Release|x64.Build.0 = Release|x64
		{C8C0C670-BB74-4AF5-902F-7E7C5FEDECEC}.Release|x86.ActiveCfg = Release|Win32
		{C8C0C670-BB74-4AF5-902F-7E7C5FEDECEC}.Release|x86.Build.0 = Release|Win32
		{E59EB2CE-5C4E-4B16-A47A-922CEC4C8777}.Debug|Any CPU.ActiveCfg = Debug|Any CPU
		{E59EB2CE-5C4E-4B16-A47A-922CEC4C8777}.Debug|Any CPU.Build.0 = Debug|Any CPU
		{E59EB2CE-5C4E-4B16-A47A-922CEC4C8777}.Debug|x64.ActiveCfg = Debug|Any CPU
		{E59EB2CE-5C4E-4B16-A47A-922CEC4C8777}.Debug|x64.Build.0 = Debug|Any CPU
		{E59EB2CE-5C4E-4B16-A47A-922CEC4C8777}.Debug|x86.ActiveCfg = Debug|Any CPU
		{E59EB2CE-5C4E-4B16-A47A-922CEC4C8777}.Debug|x86.Build.0 = Debug|Any CPU
		{E59EB2CE-5C4E-4B16-A47A-922CEC4C8777}.Release|Any CPU.ActiveCfg = Release|Any CPU
		{E59EB2CE-5C4E-4B16-A47A-922CEC4C8777}.Release|Any CPU.Build.0 = Release|Any CPU
		{E59EB2CE-5C4E-4B16-A47A-922CEC4C8777}.Release|x64.ActiveCfg = Release|Any CPU
		{E59EB2CE-5C4E-4B16-A47A-922CEC4C8777}.Release|x64.Build.0 = Release|Any CPU
		{E59EB2CE-5C4E-4B16-A47A-922CEC4C8777}.Release|x86.ActiveCfg = Release|Any CPU
		{E59EB2CE-5C4E-4B16-A47A-922CEC4C8777}.Release|x86.Build.0 = Release|Any CPU
	EndGlobalSection
	GlobalSection(SolutionProperties) = preSolution
		HideSolutionNode = FALSE
	EndGlobalSection
	GlobalSection(ExtensibilityGlobals) = postSolution
		SolutionGuid = {0B6FAB85-F748-4215-96D1-DA5577271F09}
	EndGlobalSection
EndGlobal
