
Microsoft Visual Studio Solution File, Format Version 12.00
# Visual Studio Version 16
VisualStudioVersion = 16.0.31005.135
MinimumVisualStudioVersion = 10.0.40219.1
Project("{9A19103F-16F7-4668-BE54-9A1E7A4F7556}") = "Lab_5_CS", "Lab_5_CS\Lab_5_CS.csproj", "{DBD4B372-B69F-42C4-9583-9AFFD2282367}"
EndProject
Project("{9A19103F-16F7-4668-BE54-9A1E7A4F7556}") = "Lines", "Lines\Lines.csproj", "{E781DDD1-BCC2-4099-B336-4A745DF5CEC5}"
EndProject
Project("{8BC9CEB8-8B4A-11D0-8D11-00A0C91BC942}") = "Lab_5_CPP", "Lab_5_CPP\Lab_5_CPP.vcxproj", "{FD5700E5-5A4A-44F7-AB5E-043E74EC2BBE}"
EndProject
Project("{FAE04EC0-301F-11D3-BF4B-00C04F79EFBC}") = "Lab_6_CS", "Lab_6_CS\Lab_6_CS.csproj", "{55E1D565-D8B0-44E2-8B77-BAB758D925B9}"
EndProject
Project("{FAE04EC0-301F-11D3-BF4B-00C04F79EFBC}") = "Shapes", "Shapes\Shapes.csproj", "{BB103465-FB00-4347-ABDF-2EDD9EDA6F63}"
EndProject
Project("{8BC9CEB8-8B4A-11D0-8D11-00A0C91BC942}") = "Lab_6_CPP", "Lab_6_CPP\Lab_6_CPP.vcxproj", "{F0B605C3-152C-4426-A4E8-82B506ACDFA0}"
EndProject
Global
	GlobalSection(SolutionConfigurationPlatforms) = preSolution
		Debug|Any CPU = Debug|Any CPU
		Debug|x64 = Debug|x64
		Debug|x86 = Debug|x86
		Release|Any CPU = Release|Any CPU
		Release|x64 = Release|x64
		Release|x86 = Release|x86
	EndGlobalSection
	GlobalSection(ProjectConfigurationPlatforms) = postSolution
		{DBD4B372-B69F-42C4-9583-9AFFD2282367}.Debug|Any CPU.ActiveCfg = Debug|Any CPU
		{DBD4B372-B69F-42C4-9583-9AFFD2282367}.Debug|Any CPU.Build.0 = Debug|Any CPU
		{DBD4B372-B69F-42C4-9583-9AFFD2282367}.Debug|x64.ActiveCfg = Debug|Any CPU
		{DBD4B372-B69F-42C4-9583-9AFFD2282367}.Debug|x64.Build.0 = Debug|Any CPU
		{DBD4B372-B69F-42C4-9583-9AFFD2282367}.Debug|x86.ActiveCfg = Debug|Any CPU
		{DBD4B372-B69F-42C4-9583-9AFFD2282367}.Debug|x86.Build.0 = Debug|Any CPU
		{DBD4B372-B69F-42C4-9583-9AFFD2282367}.Release|Any CPU.ActiveCfg = Release|Any CPU
		{DBD4B372-B69F-42C4-9583-9AFFD2282367}.Release|Any CPU.Build.0 = Release|Any CPU
		{DBD4B372-B69F-42C4-9583-9AFFD2282367}.Release|x64.ActiveCfg = Release|Any CPU
		{DBD4B372-B69F-42C4-9583-9AFFD2282367}.Release|x64.Build.0 = Release|Any CPU
		{DBD4B372-B69F-42C4-9583-9AFFD2282367}.Release|x86.ActiveCfg = Release|Any CPU
		{DBD4B372-B69F-42C4-9583-9AFFD2282367}.Release|x86.Build.0 = Release|Any CPU
		{E781DDD1-BCC2-4099-B336-4A745DF5CEC5}.Debug|Any CPU.ActiveCfg = Debug|Any CPU
		{E781DDD1-BCC2-4099-B336-4A745DF5CEC5}.Debug|Any CPU.Build.0 = Debug|Any CPU
		{E781DDD1-BCC2-4099-B336-4A745DF5CEC5}.Debug|x64.ActiveCfg = Debug|Any CPU
		{E781DDD1-BCC2-4099-B336-4A745DF5CEC5}.Debug|x64.Build.0 = Debug|Any CPU
		{E781DDD1-BCC2-4099-B336-4A745DF5CEC5}.Debug|x86.ActiveCfg = Debug|Any CPU
		{E781DDD1-BCC2-4099-B336-4A745DF5CEC5}.Debug|x86.Build.0 = Debug|Any CPU
		{E781DDD1-BCC2-4099-B336-4A745DF5CEC5}.Release|Any CPU.ActiveCfg = Release|Any CPU
		{E781DDD1-BCC2-4099-B336-4A745DF5CEC5}.Release|Any CPU.Build.0 = Release|Any CPU
		{E781DDD1-BCC2-4099-B336-4A745DF5CEC5}.Release|x64.ActiveCfg = Release|Any CPU
		{E781DDD1-BCC2-4099-B336-4A745DF5CEC5}.Release|x64.Build.0 = Release|Any CPU
		{E781DDD1-BCC2-4099-B336-4A745DF5CEC5}.Release|x86.ActiveCfg = Release|Any CPU
		{E781DDD1-BCC2-4099-B336-4A745DF5CEC5}.Release|x86.Build.0 = Release|Any CPU
		{FD5700E5-5A4A-44F7-AB5E-043E74EC2BBE}.Debug|Any CPU.ActiveCfg = Debug|Win32
		{FD5700E5-5A4A-44F7-AB5E-043E74EC2BBE}.Debug|Any CPU.Build.0 = Debug|Win32
		{FD5700E5-5A4A-44F7-AB5E-043E74EC2BBE}.Debug|x64.ActiveCfg = Debug|x64
		{FD5700E5-5A4A-44F7-AB5E-043E74EC2BBE}.Debug|x64.Build.0 = Debug|x64
		{FD5700E5-5A4A-44F7-AB5E-043E74EC2BBE}.Debug|x86.ActiveCfg = Debug|Win32
		{FD5700E5-5A4A-44F7-AB5E-043E74EC2BBE}.Debug|x86.Build.0 = Debug|Win32
		{FD5700E5-5A4A-44F7-AB5E-043E74EC2BBE}.Release|Any CPU.ActiveCfg = Release|Win32
		{FD5700E5-5A4A-44F7-AB5E-043E74EC2BBE}.Release|x64.ActiveCfg = Release|x64
		{FD5700E5-5A4A-44F7-AB5E-043E74EC2BBE}.Release|x64.Build.0 = Release|x64
		{FD5700E5-5A4A-44F7-AB5E-043E74EC2BBE}.Release|x86.ActiveCfg = Release|Win32
		{FD5700E5-5A4A-44F7-AB5E-043E74EC2BBE}.Release|x86.Build.0 = Release|Win32
		{55E1D565-D8B0-44E2-8B77-BAB758D925B9}.Debug|Any CPU.ActiveCfg = Debug|Any CPU
		{55E1D565-D8B0-44E2-8B77-BAB758D925B9}.Debug|Any CPU.Build.0 = Debug|Any CPU
		{55E1D565-D8B0-44E2-8B77-BAB758D925B9}.Debug|x64.ActiveCfg = Debug|Any CPU
		{55E1D565-D8B0-44E2-8B77-BAB758D925B9}.Debug|x64.Build.0 = Debug|Any CPU
		{55E1D565-D8B0-44E2-8B77-BAB758D925B9}.Debug|x86.ActiveCfg = Debug|Any CPU
		{55E1D565-D8B0-44E2-8B77-BAB758D925B9}.Debug|x86.Build.0 = Debug|Any CPU
		{55E1D565-D8B0-44E2-8B77-BAB758D925B9}.Release|Any CPU.ActiveCfg = Release|Any CPU
		{55E1D565-D8B0-44E2-8B77-BAB758D925B9}.Release|Any CPU.Build.0 = Release|Any CPU
		{55E1D565-D8B0-44E2-8B77-BAB758D925B9}.Release|x64.ActiveCfg = Release|Any CPU
		{55E1D565-D8B0-44E2-8B77-BAB758D925B9}.Release|x64.Build.0 = Release|Any CPU
		{55E1D565-D8B0-44E2-8B77-BAB758D925B9}.Release|x86.ActiveCfg = Release|Any CPU
		{55E1D565-D8B0-44E2-8B77-BAB758D925B9}.Release|x86.Build.0 = Release|Any CPU
		{BB103465-FB00-4347-ABDF-2EDD9EDA6F63}.Debug|Any CPU.ActiveCfg = Debug|Any CPU
		{BB103465-FB00-4347-ABDF-2EDD9EDA6F63}.Debug|Any CPU.Build.0 = Debug|Any CPU
		{BB103465-FB00-4347-ABDF-2EDD9EDA6F63}.Debug|x64.ActiveCfg = Debug|Any CPU
		{BB103465-FB00-4347-ABDF-2EDD9EDA6F63}.Debug|x64.Build.0 = Debug|Any CPU
		{BB103465-FB00-4347-ABDF-2EDD9EDA6F63}.Debug|x86.ActiveCfg = Debug|Any CPU
		{BB103465-FB00-4347-ABDF-2EDD9EDA6F63}.Debug|x86.Build.0 = Debug|Any CPU
		{BB103465-FB00-4347-ABDF-2EDD9EDA6F63}.Release|Any CPU.ActiveCfg = Release|Any CPU
		{BB103465-FB00-4347-ABDF-2EDD9EDA6F63}.Release|Any CPU.Build.0 = Release|Any CPU
		{BB103465-FB00-4347-ABDF-2EDD9EDA6F63}.Release|x64.ActiveCfg = Release|Any CPU
		{BB103465-FB00-4347-ABDF-2EDD9EDA6F63}.Release|x64.Build.0 = Release|Any CPU
		{BB103465-FB00-4347-ABDF-2EDD9EDA6F63}.Release|x86.ActiveCfg = Release|Any CPU
		{BB103465-FB00-4347-ABDF-2EDD9EDA6F63}.Release|x86.Build.0 = Release|Any CPU
		{F0B605C3-152C-4426-A4E8-82B506ACDFA0}.Debug|Any CPU.ActiveCfg = Debug|Win32
		{F0B605C3-152C-4426-A4E8-82B506ACDFA0}.Debug|Any CPU.Build.0 = Debug|Win32
		{F0B605C3-152C-4426-A4E8-82B506ACDFA0}.Debug|x64.ActiveCfg = Debug|x64
		{F0B605C3-152C-4426-A4E8-82B506ACDFA0}.Debug|x64.Build.0 = Debug|x64
		{F0B605C3-152C-4426-A4E8-82B506ACDFA0}.Debug|x86.ActiveCfg = Debug|Win32
		{F0B605C3-152C-4426-A4E8-82B506ACDFA0}.Debug|x86.Build.0 = Debug|Win32
		{F0B605C3-152C-4426-A4E8-82B506ACDFA0}.Release|Any CPU.ActiveCfg = Release|Win32
		{F0B605C3-152C-4426-A4E8-82B506ACDFA0}.Release|x64.ActiveCfg = Release|x64
		{F0B605C3-152C-4426-A4E8-82B506ACDFA0}.Release|x64.Build.0 = Release|x64
		{F0B605C3-152C-4426-A4E8-82B506ACDFA0}.Release|x86.ActiveCfg = Release|Win32
		{F0B605C3-152C-4426-A4E8-82B506ACDFA0}.Release|x86.Build.0 = Release|Win32
	EndGlobalSection
	GlobalSection(SolutionProperties) = preSolution
		HideSolutionNode = FALSE
	EndGlobalSection
	GlobalSection(ExtensibilityGlobals) = postSolution
		SolutionGuid = {8A98CDB7-536D-41C8-9406-CC33083E7971}
	EndGlobalSection
EndGlobal
