
Microsoft Visual Studio Solution File, Format Version 12.00
# Visual Studio Version 16
VisualStudioVersion = 16.0.31005.135
MinimumVisualStudioVersion = 10.0.40219.1
Project("{888888A0-9F3D-457C-B088-3A5042F75D52}") = "Lab8_Koshi_problem", "Lab8_Koshi_problem\Lab8_Koshi_problem.pyproj", "{65CFE84B-8A24-4DD6-88D9-B55F04EA4BA8}"
EndProject
Global
	GlobalSection(SolutionConfigurationPlatforms) = preSolution
		Debug|Any CPU = Debug|Any CPU
		Release|Any CPU = Release|Any CPU
	EndGlobalSection
	GlobalSection(ProjectConfigurationPlatforms) = postSolution
		{65CFE84B-8A24-4DD6-88D9-B55F04EA4BA8}.Debug|Any CPU.ActiveCfg = Debug|Any CPU
		{65CFE84B-8A24-4DD6-88D9-B55F04EA4BA8}.Release|Any CPU.ActiveCfg = Release|Any CPU
	EndGlobalSection
	GlobalSection(SolutionProperties) = preSolution
		HideSolutionNode = FALSE
	EndGlobalSection
	GlobalSection(ExtensibilityGlobals) = postSolution
		SolutionGuid = {EF63183E-FD39-4CB0-A519-0C91ACD777D9}
	EndGlobalSection
EndGlobal
