
Microsoft Visual Studio Solution File, Format Version 12.00
# Visual Studio Version 16
VisualStudioVersion = 16.0.30517.126
MinimumVisualStudioVersion = 10.0.40219.1
Project("{888888A0-9F3D-457C-B088-3A5042F75D52}") = "Lab_3_inversions", "Lab_3_inversions\Lab_3_inversions.pyproj", "{F93DBCFA-4611-44F0-8CC5-E4F0E907BB54}"
EndProject
Global
	GlobalSection(SolutionConfigurationPlatforms) = preSolution
		Debug|Any CPU = Debug|Any CPU
		Release|Any CPU = Release|Any CPU
	EndGlobalSection
	GlobalSection(ProjectConfigurationPlatforms) = postSolution
		{F93DBCFA-4611-44F0-8CC5-E4F0E907BB54}.Debug|Any CPU.ActiveCfg = Debug|Any CPU
		{F93DBCFA-4611-44F0-8CC5-E4F0E907BB54}.Release|Any CPU.ActiveCfg = Release|Any CPU
	EndGlobalSection
	GlobalSection(SolutionProperties) = preSolution
		HideSolutionNode = FALSE
	EndGlobalSection
	GlobalSection(ExtensibilityGlobals) = postSolution
		SolutionGuid = {3B9A2D98-921C-470F-A143-A5C1DE59BC44}
	EndGlobalSection
EndGlobal
