
Microsoft Visual Studio Solution File, Format Version 12.00
# Visual Studio Version 16
VisualStudioVersion = 16.0.30517.126
MinimumVisualStudioVersion = 10.0.40219.1
Project("{FAE04EC0-301F-11D3-BF4B-00C04F79EFBC}") = "Lab_3_CS", "Lab_3_CS\Lab_3_CS.csproj", "{0A6937FE-17C3-4C39-AF14-D7DB9195A739}"
EndProject
Project("{FAE04EC0-301F-11D3-BF4B-00C04F79EFBC}") = "Symbols", "Symbols\Symbols.csproj", "{6B3EBC3E-948E-4453-9E07-B00A345AF807}"
EndProject
Global
	GlobalSection(SolutionConfigurationPlatforms) = preSolution
		Debug|Any CPU = Debug|Any CPU
		Release|Any CPU = Release|Any CPU
	EndGlobalSection
	GlobalSection(ProjectConfigurationPlatforms) = postSolution
		{0A6937FE-17C3-4C39-AF14-D7DB9195A739}.Debug|Any CPU.ActiveCfg = Debug|Any CPU
		{0A6937FE-17C3-4C39-AF14-D7DB9195A739}.Debug|Any CPU.Build.0 = Debug|Any CPU
		{0A6937FE-17C3-4C39-AF14-D7DB9195A739}.Release|Any CPU.ActiveCfg = Release|Any CPU
		{0A6937FE-17C3-4C39-AF14-D7DB9195A739}.Release|Any CPU.Build.0 = Release|Any CPU
		{6B3EBC3E-948E-4453-9E07-B00A345AF807}.Debug|Any CPU.ActiveCfg = Debug|Any CPU
		{6B3EBC3E-948E-4453-9E07-B00A345AF807}.Debug|Any CPU.Build.0 = Debug|Any CPU
		{6B3EBC3E-948E-4453-9E07-B00A345AF807}.Release|Any CPU.ActiveCfg = Release|Any CPU
		{6B3EBC3E-948E-4453-9E07-B00A345AF807}.Release|Any CPU.Build.0 = Release|Any CPU
	EndGlobalSection
	GlobalSection(SolutionProperties) = preSolution
		HideSolutionNode = FALSE
	EndGlobalSection
	GlobalSection(ExtensibilityGlobals) = postSolution
		SolutionGuid = {DDAF2763-3599-45F4-81FF-53DF756F958D}
	EndGlobalSection
EndGlobal
